
Microsoft Visual Studio Solution File, Format Version 12.00
# Visual Studio Version 16
VisualStudioVersion = 16.0.30320.27
MinimumVisualStudioVersion = 10.0.40219.1
Project("{FAE04EC0-301F-11D3-BF4B-00C04F79EFBC}") = "Stories", "stories\Stories.csproj", "{6225E4F3-79C6-4477-BD59-D1DB8D8F36EE}"
EndProject
Global
	GlobalSection(SolutionConfigurationPlatforms) = preSolution
		Debug|Any CPU = Debug|Any CPU
		Release|Any CPU = Release|Any CPU
	EndGlobalSection
	GlobalSection(ProjectConfigurationPlatforms) = postSolution
		{6225E4F3-79C6-4477-BD59-D1DB8D8F36EE}.Debug|Any CPU.ActiveCfg = Debug|Any CPU
		{6225E4F3-79C6-4477-BD59-D1DB8D8F36EE}.Debug|Any CPU.Build.0 = Debug|Any CPU
		{6225E4F3-79C6-4477-BD59-D1DB8D8F36EE}.Release|Any CPU.ActiveCfg = Release|Any CPU
		{6225E4F3-79C6-4477-BD59-D1DB8D8F36EE}.Release|Any CPU.Build.0 = Release|Any CPU
	EndGlobalSection
	GlobalSection(SolutionProperties) = preSolution
		HideSolutionNode = FALSE
	EndGlobalSection
	GlobalSection(ExtensibilityGlobals) = postSolution
		SolutionGuid = {77BE8396-2D80-481B-8F8C-38C45697C876}
	EndGlobalSection
EndGlobal
